
Microsoft Visual Studio Solution File, Format Version 12.00
# Visual Studio Version 17
VisualStudioVersion = 17.0.32014.148
MinimumVisualStudioVersion = 10.0.40219.1
Project("{FAE04EC0-301F-11D3-BF4B-00C04F79EFBC}") = "NewApp", "NewApp.csproj", "{EB00A821-9714-4D30-96A9-8AB8AB545A50}"
EndProject
Global
	GlobalSection(SolutionConfigurationPlatforms) = preSolution
		Debug|Any CPU = Debug|Any CPU
		Release|Any CPU = Release|Any CPU
	EndGlobalSection
	GlobalSection(ProjectConfigurationPlatforms) = postSolution
		{EB00A821-9714-4D30-96A9-8AB8AB545A50}.Debug|Any CPU.ActiveCfg = Debug|Any CPU
		{EB00A821-9714-4D30-96A9-8AB8AB545A50}.Debug|Any CPU.Build.0 = Debug|Any CPU
		{EB00A821-9714-4D30-96A9-8AB8AB545A50}.Release|Any CPU.ActiveCfg = Release|Any CPU
		{EB00A821-9714-4D30-96A9-8AB8AB545A50}.Release|Any CPU.Build.0 = Release|Any CPU
	EndGlobalSection
	GlobalSection(SolutionProperties) = preSolution
		HideSolutionNode = FALSE
	EndGlobalSection
	GlobalSection(ExtensibilityGlobals) = postSolution
		SolutionGuid = {38DBE0B9-2D96-4CC1-8D89-C8873A54F826}
	EndGlobalSection
EndGlobal
